
Microsoft Visual Studio Solution File, Format Version 12.00
# Visual Studio 2013
VisualStudioVersion = 12.0.30501.0
MinimumVisualStudioVersion = 10.0.40219.1
Project("{F2A71F9B-5D33-465A-A702-920D77279786}") = "RamlConverter", "RamlConverter.fsproj", "{78BFA230-6A02-4209-9799-D24D78214EEB}"
EndProject
Global
	GlobalSection(SolutionConfigurationPlatforms) = preSolution
		Debug|Any CPU = Debug|Any CPU
		Release|Any CPU = Release|Any CPU
	EndGlobalSection
	GlobalSection(ProjectConfigurationPlatforms) = postSolution
		{78BFA230-6A02-4209-9799-D24D78214EEB}.Debug|Any CPU.ActiveCfg = Debug|Any CPU
		{78BFA230-6A02-4209-9799-D24D78214EEB}.Debug|Any CPU.Build.0 = Debug|Any CPU
		{78BFA230-6A02-4209-9799-D24D78214EEB}.Release|Any CPU.ActiveCfg = Release|Any CPU
		{78BFA230-6A02-4209-9799-D24D78214EEB}.Release|Any CPU.Build.0 = Release|Any CPU
	EndGlobalSection
	GlobalSection(SolutionProperties) = preSolution
		HideSolutionNode = FALSE
	EndGlobalSection
EndGlobal
